
Microsoft Visual Studio Solution File, Format Version 12.00
# Visual Studio 2012
Project("{FAE04EC0-301F-11D3-BF4B-00C04F79EFBC}") = "Raven.Client.Contrib", "Raven.Client.Contrib\Raven.Client.Contrib.csproj", "{AA6FAC9A-000D-4A61-9B76-479EB4D769AD}"
EndProject
Project("{2150E333-8FDC-42A3-9474-1A3956D46DE8}") = ".nuget", ".nuget", "{9F0E43B9-66CE-4F03-8BF6-350F5FB40F6E}"
	ProjectSection(SolutionItems) = preProject
		.nuget\NuGet.Config = .nuget\NuGet.Config
		.nuget\NuGet.exe = .nuget\NuGet.exe
	EndProjectSection
EndProject
Project("{FAE04EC0-301F-11D3-BF4B-00C04F79EFBC}") = "Raven.Client.Contrib.Tests", "Raven.Client.Contrib.Tests\Raven.Client.Contrib.Tests.csproj", "{EB6EEF13-35D9-4B1F-8DB4-6645288D1D75}"
EndProject
Project("{FAE04EC0-301F-11D3-BF4B-00C04F79EFBC}") = "Raven.Client.Contrib.Profiling", "Raven.Client.Contrib.Profiling\Raven.Client.Contrib.Profiling.csproj", "{D3FE3CF5-DC6A-49DF-9F31-A4A74101FEAD}"
EndProject
Project("{FAE04EC0-301F-11D3-BF4B-00C04F79EFBC}") = "Raven.Bundles.Contrib.CreatedDate", "Raven.Bundles.Contrib.CreatedDate\Raven.Bundles.Contrib.CreatedDate.csproj", "{0899BDDD-E10D-4140-B27D-48356DAD8E04}"
EndProject
Project("{FAE04EC0-301F-11D3-BF4B-00C04F79EFBC}") = "Raven.Bundles.Contrib.Tests", "Raven.Bundles.Contrib.Tests\Raven.Bundles.Contrib.Tests.csproj", "{4AD66E7C-C303-4E2E-A7C0-8A6D886914DF}"
EndProject
Project("{2150E333-8FDC-42A3-9474-1A3956D46DE8}") = ".ilmerge", ".ilmerge", "{F463B318-29F6-4006-8F94-7F0EAA087B67}"
	ProjectSection(SolutionItems) = preProject
		.ilmerge\Ilmerge.CSharp.targets = .ilmerge\Ilmerge.CSharp.targets
		.ilmerge\ILMerge.exe = .ilmerge\ILMerge.exe
	EndProjectSection
EndProject
Project("{FAE04EC0-301F-11D3-BF4B-00C04F79EFBC}") = "Raven.Contrib.Utils.DBUtil", "Raven.Contrib.Utils.DBUtil\Raven.Contrib.Utils.DBUtil.csproj", "{22ECF425-9EB8-45C1-820E-B920106DCE12}"
EndProject
Project("{2150E333-8FDC-42A3-9474-1A3956D46DE8}") = "Bundles", "Bundles", "{814F83B4-3FDB-4D06-9571-91744FC53257}"
EndProject
Project("{2150E333-8FDC-42A3-9474-1A3956D46DE8}") = "Client", "Client", "{E4798556-67B5-4FDB-96CD-4B0EB3759B99}"
EndProject
Project("{2150E333-8FDC-42A3-9474-1A3956D46DE8}") = "Utilities", "Utilities", "{C5F5F8D6-E88A-4D97-A095-540D51C27190}"
EndProject
Project("{2150E333-8FDC-42A3-9474-1A3956D46DE8}") = ".shared", ".shared", "{0413A27C-3B16-4445-9574-31E1A3836902}"
	ProjectSection(SolutionItems) = preProject
		SharedAssemblyInfo.cs = SharedAssemblyInfo.cs
	EndProjectSection
EndProject
Project("{FAE04EC0-301F-11D3-BF4B-00C04F79EFBC}") = "Raven.Client.Contrib-4.5", "Raven.Client.Contrib-4.5\Raven.Client.Contrib-4.5.csproj", "{D1EAD4E4-75C0-4E17-9113-0D5B59B89F9A}"
EndProject
Project("{FAE04EC0-301F-11D3-BF4B-00C04F79EFBC}") = "Raven.Client.Contrib.Tests-4.5", "Raven.Client.Contrib.Tests-4.5\Raven.Client.Contrib.Tests-4.5.csproj", "{B3C6631C-5130-4D46-959E-20A19BFA439B}"
EndProject
Project("{FAE04EC0-301F-11D3-BF4B-00C04F79EFBC}") = "Raven.Bundles.Contrib.CreatedDate-4.5", "Raven.Bundles.Contrib.CreatedDate-4.5\Raven.Bundles.Contrib.CreatedDate-4.5.csproj", "{96D25EB5-B0DB-406C-A281-BF4245A67F3F}"
EndProject
Project("{FAE04EC0-301F-11D3-BF4B-00C04F79EFBC}") = "Raven.Bundles.Contrib.Tests-4.5", "Raven.Bundles.Contrib.Tests-4.5\Raven.Bundles.Contrib.Tests-4.5.csproj", "{9B9760EF-1B57-4D48-9A94-CF0A805C4CA4}"
EndProject
Project("{FAE04EC0-301F-11D3-BF4B-00C04F79EFBC}") = "Raven.Client.Contrib.Profiling-4.5", "Raven.Client.Contrib.Profiling-4.5\Raven.Client.Contrib.Profiling-4.5.csproj", "{FCF54122-723C-4E2B-850A-9FA8FE1E4FEE}"
EndProject
Global
	GlobalSection(SolutionConfigurationPlatforms) = preSolution
		Debug|Any CPU = Debug|Any CPU
		Release|Any CPU = Release|Any CPU
	EndGlobalSection
	GlobalSection(ProjectConfigurationPlatforms) = postSolution
		{AA6FAC9A-000D-4A61-9B76-479EB4D769AD}.Debug|Any CPU.ActiveCfg = Debug|Any CPU
		{AA6FAC9A-000D-4A61-9B76-479EB4D769AD}.Debug|Any CPU.Build.0 = Debug|Any CPU
		{AA6FAC9A-000D-4A61-9B76-479EB4D769AD}.Release|Any CPU.ActiveCfg = Release|Any CPU
		{AA6FAC9A-000D-4A61-9B76-479EB4D769AD}.Release|Any CPU.Build.0 = Release|Any CPU
		{EB6EEF13-35D9-4B1F-8DB4-6645288D1D75}.Debug|Any CPU.ActiveCfg = Debug|Any CPU
		{EB6EEF13-35D9-4B1F-8DB4-6645288D1D75}.Debug|Any CPU.Build.0 = Debug|Any CPU
		{EB6EEF13-35D9-4B1F-8DB4-6645288D1D75}.Release|Any CPU.ActiveCfg = Release|Any CPU
		{EB6EEF13-35D9-4B1F-8DB4-6645288D1D75}.Release|Any CPU.Build.0 = Release|Any CPU
		{D3FE3CF5-DC6A-49DF-9F31-A4A74101FEAD}.Debug|Any CPU.ActiveCfg = Debug|Any CPU
		{D3FE3CF5-DC6A-49DF-9F31-A4A74101FEAD}.Debug|Any CPU.Build.0 = Debug|Any CPU
		{D3FE3CF5-DC6A-49DF-9F31-A4A74101FEAD}.Release|Any CPU.ActiveCfg = Release|Any CPU
		{D3FE3CF5-DC6A-49DF-9F31-A4A74101FEAD}.Release|Any CPU.Build.0 = Release|Any CPU
		{0899BDDD-E10D-4140-B27D-48356DAD8E04}.Debug|Any CPU.ActiveCfg = Debug|Any CPU
		{0899BDDD-E10D-4140-B27D-48356DAD8E04}.Debug|Any CPU.Build.0 = Debug|Any CPU
		{0899BDDD-E10D-4140-B27D-48356DAD8E04}.Release|Any CPU.ActiveCfg = Release|Any CPU
		{0899BDDD-E10D-4140-B27D-48356DAD8E04}.Release|Any CPU.Build.0 = Release|Any CPU
		{4AD66E7C-C303-4E2E-A7C0-8A6D886914DF}.Debug|Any CPU.ActiveCfg = Debug|Any CPU
		{4AD66E7C-C303-4E2E-A7C0-8A6D886914DF}.Debug|Any CPU.Build.0 = Debug|Any CPU
		{4AD66E7C-C303-4E2E-A7C0-8A6D886914DF}.Release|Any CPU.ActiveCfg = Release|Any CPU
		{4AD66E7C-C303-4E2E-A7C0-8A6D886914DF}.Release|Any CPU.Build.0 = Release|Any CPU
		{22ECF425-9EB8-45C1-820E-B920106DCE12}.Debug|Any CPU.ActiveCfg = Debug|Any CPU
		{22ECF425-9EB8-45C1-820E-B920106DCE12}.Debug|Any CPU.Build.0 = Debug|Any CPU
		{22ECF425-9EB8-45C1-820E-B920106DCE12}.Release|Any CPU.ActiveCfg = Release|Any CPU
		{22ECF425-9EB8-45C1-820E-B920106DCE12}.Release|Any CPU.Build.0 = Release|Any CPU
		{D1EAD4E4-75C0-4E17-9113-0D5B59B89F9A}.Debug|Any CPU.ActiveCfg = Debug|Any CPU
		{D1EAD4E4-75C0-4E17-9113-0D5B59B89F9A}.Debug|Any CPU.Build.0 = Debug|Any CPU
		{D1EAD4E4-75C0-4E17-9113-0D5B59B89F9A}.Release|Any CPU.ActiveCfg = Release|Any CPU
		{D1EAD4E4-75C0-4E17-9113-0D5B59B89F9A}.Release|Any CPU.Build.0 = Release|Any CPU
		{B3C6631C-5130-4D46-959E-20A19BFA439B}.Debug|Any CPU.ActiveCfg = Debug|Any CPU
		{B3C6631C-5130-4D46-959E-20A19BFA439B}.Debug|Any CPU.Build.0 = Debug|Any CPU
		{B3C6631C-5130-4D46-959E-20A19BFA439B}.Release|Any CPU.ActiveCfg = Release|Any CPU
		{B3C6631C-5130-4D46-959E-20A19BFA439B}.Release|Any CPU.Build.0 = Release|Any CPU
		{96D25EB5-B0DB-406C-A281-BF4245A67F3F}.Debug|Any CPU.ActiveCfg = Debug|Any CPU
		{96D25EB5-B0DB-406C-A281-BF4245A67F3F}.Debug|Any CPU.Build.0 = Debug|Any CPU
		{96D25EB5-B0DB-406C-A281-BF4245A67F3F}.Release|Any CPU.ActiveCfg = Release|Any CPU
		{96D25EB5-B0DB-406C-A281-BF4245A67F3F}.Release|Any CPU.Build.0 = Release|Any CPU
		{9B9760EF-1B57-4D48-9A94-CF0A805C4CA4}.Debug|Any CPU.ActiveCfg = Debug|Any CPU
		{9B9760EF-1B57-4D48-9A94-CF0A805C4CA4}.Debug|Any CPU.Build.0 = Debug|Any CPU
		{9B9760EF-1B57-4D48-9A94-CF0A805C4CA4}.Release|Any CPU.ActiveCfg = Release|Any CPU
		{9B9760EF-1B57-4D48-9A94-CF0A805C4CA4}.Release|Any CPU.Build.0 = Release|Any CPU
		{FCF54122-723C-4E2B-850A-9FA8FE1E4FEE}.Debug|Any CPU.ActiveCfg = Debug|Any CPU
		{FCF54122-723C-4E2B-850A-9FA8FE1E4FEE}.Debug|Any CPU.Build.0 = Debug|Any CPU
		{FCF54122-723C-4E2B-850A-9FA8FE1E4FEE}.Release|Any CPU.ActiveCfg = Release|Any CPU
		{FCF54122-723C-4E2B-850A-9FA8FE1E4FEE}.Release|Any CPU.Build.0 = Release|Any CPU
	EndGlobalSection
	GlobalSection(SolutionProperties) = preSolution
		HideSolutionNode = FALSE
	EndGlobalSection
	GlobalSection(NestedProjects) = preSolution
		{EB6EEF13-35D9-4B1F-8DB4-6645288D1D75} = {E4798556-67B5-4FDB-96CD-4B0EB3759B99}
		{D3FE3CF5-DC6A-49DF-9F31-A4A74101FEAD} = {E4798556-67B5-4FDB-96CD-4B0EB3759B99}
		{AA6FAC9A-000D-4A61-9B76-479EB4D769AD} = {E4798556-67B5-4FDB-96CD-4B0EB3759B99}
		{D1EAD4E4-75C0-4E17-9113-0D5B59B89F9A} = {E4798556-67B5-4FDB-96CD-4B0EB3759B99}
		{B3C6631C-5130-4D46-959E-20A19BFA439B} = {E4798556-67B5-4FDB-96CD-4B0EB3759B99}
		{FCF54122-723C-4E2B-850A-9FA8FE1E4FEE} = {E4798556-67B5-4FDB-96CD-4B0EB3759B99}
		{4AD66E7C-C303-4E2E-A7C0-8A6D886914DF} = {814F83B4-3FDB-4D06-9571-91744FC53257}
		{0899BDDD-E10D-4140-B27D-48356DAD8E04} = {814F83B4-3FDB-4D06-9571-91744FC53257}
		{96D25EB5-B0DB-406C-A281-BF4245A67F3F} = {814F83B4-3FDB-4D06-9571-91744FC53257}
		{9B9760EF-1B57-4D48-9A94-CF0A805C4CA4} = {814F83B4-3FDB-4D06-9571-91744FC53257}
		{22ECF425-9EB8-45C1-820E-B920106DCE12} = {C5F5F8D6-E88A-4D97-A095-540D51C27190}
	EndGlobalSection
EndGlobal
